// !$*UTF8*$!
{
	archiveVersion = 1;
	classes = {
	};
	objectVersion = 46;
	objects = {

/* Begin PBXGroup section */
		C99D30BD1AFEBB4700710CFF = {
			isa = PBXGroup;
			children = (
			);
			sourceTree = "<group>";
		};
/* End PBXGroup section */

/* Begin PBXProject section */
		C99D30BE1AFEBB4700710CFF /* Project object */ = {
			isa = PBXProject;
			attributes = {
				LastUpgradeCheck = 0630;
			};
			buildConfigurationList = C99D30C11AFEBB4700710CFF /* Build configuration list for PBXProject "OperatorConflict" */;
			compatibilityVersion = "Xcode 3.2";
			developmentRegion = English;
			hasScannedForEncodings = 0;
			knownRegions = (
				en,
			);
			mainGroup = C99D30BD1AFEBB4700710CFF;
			projectDirPath = "";
			projectRoot = "";
			targets = (
			);
		};
/* End PBXProject section */

/* Begin XCBuildConfiguration section */
		C99D30C21AFEBB4700710CFF /* Debug */ = {
			isa = XCBuildConfiguration;
			buildSettings = {
			};
			name = Debug;
		};
		C99D30C31AFEBB4700710CFF /* Release */ = {
			isa = XCBuildConfiguration;
			buildSettings = {
			};
			name = Release;
		};
/* End XCBuildConfiguration section */

/* Begin XCConfigurationList section */
		C99D30C11AFEBB4700710CFF /* Build configuration list for PBXProject "OperatorConflict" */ = {
			isa = XCConfigurationList;
			buildConfigurations = (
				C99D30C21AFEBB4700710CFF /* Debug */,
				C99D30C31AFEBB4700710CFF /* Release */,
			);
			defaultConfigurationIsVisible = 0;
			defaultConfigurationName = Release;
		};
/* End XCConfigurationList section */
	};
	rootObject = C99D30BE1AFEBB4700710CFF /* Project object */;
}
